Microsoft Visual Studio Solution File, Format Version 11.00
# Visual Studio 2008

Project("{E364148B-4871-F178-22E4-0ECE85589824}") = "AGD Project", "Assembly-CSharp-firstpass.csproj", "{C93EDA41-F578-05D1-8141-FDF5580CD9E2}"
EndProject
Project("{E364148B-4871-F178-22E4-0ECE85589824}") = "AGD Project", "Assembly-CSharp.csproj", "{8B8A7E59-994B-D051-1DCD-7E47FD18A39D}"
EndProject
Project("{E364148B-4871-F178-22E4-0ECE85589824}") = "AGD Project", "Assembly-UnityScript-firstpass.unityproj", "{2A7B4D66-3B83-BB62-BDC3-572670F35457}"
EndProject
Global
	GlobalSection(SolutionConfigurationPlatforms) = preSolution
		Debug|Any CPU = Debug|Any CPU
		Release|Any CPU = Release|Any CPU
	EndGlobalSection
	GlobalSection(ProjectConfigurationPlatforms) = postSolution
		{C93EDA41-F578-05D1-8141-FDF5580CD9E2}.Debug|Any CPU.ActiveCfg = Debug|Any CPU
		{C93EDA41-F578-05D1-8141-FDF5580CD9E2}.Debug|Any CPU.Build.0 = Debug|Any CPU
		{C93EDA41-F578-05D1-8141-FDF5580CD9E2}.Release|Any CPU.ActiveCfg = Release|Any CPU
		{C93EDA41-F578-05D1-8141-FDF5580CD9E2}.Release|Any CPU.Build.0 = Release|Any CPU
		{8B8A7E59-994B-D051-1DCD-7E47FD18A39D}.Debug|Any CPU.ActiveCfg = Debug|Any CPU
		{8B8A7E59-994B-D051-1DCD-7E47FD18A39D}.Debug|Any CPU.Build.0 = Debug|Any CPU
		{8B8A7E59-994B-D051-1DCD-7E47FD18A39D}.Release|Any CPU.ActiveCfg = Release|Any CPU
		{8B8A7E59-994B-D051-1DCD-7E47FD18A39D}.Release|Any CPU.Build.0 = Release|Any CPU
		{2A7B4D66-3B83-BB62-BDC3-572670F35457}.Debug|Any CPU.ActiveCfg = Debug|Any CPU
		{2A7B4D66-3B83-BB62-BDC3-572670F35457}.Debug|Any CPU.Build.0 = Debug|Any CPU
		{2A7B4D66-3B83-BB62-BDC3-572670F35457}.Release|Any CPU.ActiveCfg = Release|Any CPU
		{2A7B4D66-3B83-BB62-BDC3-572670F35457}.Release|Any CPU.Build.0 = Release|Any CPU
	EndGlobalSection
	GlobalSection(SolutionProperties) = preSolution
		HideSolutionNode = FALSE
	EndGlobalSection
									GlobalSection(MonoDevelopProperties) = preSolution
		StartupItem = Assembly-CSharp.csproj
		Policies = $0
		$0.TextStylePolicy = $1
		$1.inheritsSet = null
		$1.scope = text/x-csharp
		$0.CSharpFormattingPolicy = $2
		$2.inheritsSet = Mono
		$2.inheritsScope = text/x-csharp
		$2.scope = text/x-csharp
		$0.TextStylePolicy = $3
		$3.FileWidth = 120
		$3.TabWidth = 4
		$3.IndentWidth = 4
		$3.EolMarker = Unix
		$3.inheritsSet = Mono
		$3.inheritsScope = text/plain
		$3.scope = text/plain
	EndGlobalSection

EndGlobal
